# This file is automatically @generated by Cargo.
# It is not intended for manual editing.
version = 4

[[package]]
name = "repose-cli"
version = "0.1.0"
dependencies = [
 "repose-core",
 "repose-ssh",
]

[[package]]
name = "repose-core"
version = "0.1.0"

[[package]]
name = "repose-ssh"
version = "0.1.0"
dependencies = [
 "repose-core",
]
